
Microsoft Visual Studio Solution File, Format Version 12.00
# Visual Studio Version 17
VisualStudioVersion = 17.2.32519.379
MinimumVisualStudioVersion = 10.0.40219.1
Project("{FAE04EC0-301F-11D3-BF4B-00C04F79EFBC}") = "Trabajo_con_LINQ", "Trabajo_con_LINQ.csproj", "{F1AC270B-F212-4370-974E-BB2F1E785E70}"
EndProject
Global
	GlobalSection(SolutionConfigurationPlatforms) = preSolution
		Debug|Any CPU = Debug|Any CPU
		Release|Any CPU = Release|Any CPU
	EndGlobalSection
	GlobalSection(ProjectConfigurationPlatforms) = postSolution
		{F1AC270B-F212-4370-974E-BB2F1E785E70}.Debug|Any CPU.ActiveCfg = Debug|Any CPU
		{F1AC270B-F212-4370-974E-BB2F1E785E70}.Debug|Any CPU.Build.0 = Debug|Any CPU
		{F1AC270B-F212-4370-974E-BB2F1E785E70}.Release|Any CPU.ActiveCfg = Release|Any CPU
		{F1AC270B-F212-4370-974E-BB2F1E785E70}.Release|Any CPU.Build.0 = Release|Any CPU
	EndGlobalSection
	GlobalSection(SolutionProperties) = preSolution
		HideSolutionNode = FALSE
	EndGlobalSection
	GlobalSection(ExtensibilityGlobals) = postSolution
		SolutionGuid = {559ED01E-8F63-487B-BD49-AB5996BD5B86}
	EndGlobalSection
EndGlobal
