
Microsoft Visual Studio Solution File, Format Version 12.00
# Visual Studio Version 17
VisualStudioVersion = 17.2.32519.379
MinimumVisualStudioVersion = 10.0.40219.1
Project("{FAE04EC0-301F-11D3-BF4B-00C04F79EFBC}") = "ConecionGestionPedidos", "ConecionGestionPedidos.csproj", "{C2D17013-AD94-495A-B85B-D8383B0D2FD1}"
EndProject
Global
	GlobalSection(SolutionConfigurationPlatforms) = preSolution
		Debug|Any CPU = Debug|Any CPU
		Release|Any CPU = Release|Any CPU
	EndGlobalSection
	GlobalSection(ProjectConfigurationPlatforms) = postSolution
		{C2D17013-AD94-495A-B85B-D8383B0D2FD1}.Debug|Any CPU.ActiveCfg = Debug|Any CPU
		{C2D17013-AD94-495A-B85B-D8383B0D2FD1}.Debug|Any CPU.Build.0 = Debug|Any CPU
		{C2D17013-AD94-495A-B85B-D8383B0D2FD1}.Release|Any CPU.ActiveCfg = Release|Any CPU
		{C2D17013-AD94-495A-B85B-D8383B0D2FD1}.Release|Any CPU.Build.0 = Release|Any CPU
	EndGlobalSection
	GlobalSection(SolutionProperties) = preSolution
		HideSolutionNode = FALSE
	EndGlobalSection
	GlobalSection(ExtensibilityGlobals) = postSolution
		SolutionGuid = {54ED2BCA-17C6-46AB-A637-480053CE92C8}
	EndGlobalSection
EndGlobal
