
Microsoft Visual Studio Solution File, Format Version 12.00
# Visual Studio Version 17
VisualStudioVersion = 17.2.32616.157
MinimumVisualStudioVersion = 10.0.40219.1
Project("{FAE04EC0-301F-11D3-BF4B-00C04F79EFBC}") = "Interfaces", "Interfaces\Interfaces.csproj", "{AFE4AF61-6BAF-430A-8401-55AD92E5FE3C}"
EndProject
Global
	GlobalSection(SolutionConfigurationPlatforms) = preSolution
		Debug|Any CPU = Debug|Any CPU
		Release|Any CPU = Release|Any CPU
	EndGlobalSection
	GlobalSection(ProjectConfigurationPlatforms) = postSolution
		{AFE4AF61-6BAF-430A-8401-55AD92E5FE3C}.Debug|Any CPU.ActiveCfg = Debug|Any CPU
		{AFE4AF61-6BAF-430A-8401-55AD92E5FE3C}.Debug|Any CPU.Build.0 = Debug|Any CPU
		{AFE4AF61-6BAF-430A-8401-55AD92E5FE3C}.Release|Any CPU.ActiveCfg = Release|Any CPU
		{AFE4AF61-6BAF-430A-8401-55AD92E5FE3C}.Release|Any CPU.Build.0 = Release|Any CPU
	EndGlobalSection
	GlobalSection(SolutionProperties) = preSolution
		HideSolutionNode = FALSE
	EndGlobalSection
	GlobalSection(ExtensibilityGlobals) = postSolution
		SolutionGuid = {456F83BE-32E8-4F91-982A-BC5C833FD6F1}
	EndGlobalSection
EndGlobal
