
Microsoft Visual Studio Solution File, Format Version 12.00
# Visual Studio Version 17
VisualStudioVersion = 17.1.32328.378
MinimumVisualStudioVersion = 10.0.40219.1
Project("{FAE04EC0-301F-11D3-BF4B-00C04F79EFBC}") = "Constructores_POO_IV", "Constructores_POO_IV.csproj", "{9E770ECE-1AFA-432C-A950-7A9D2E64844D}"
EndProject
Global
	GlobalSection(SolutionConfigurationPlatforms) = preSolution
		Debug|Any CPU = Debug|Any CPU
		Release|Any CPU = Release|Any CPU
	EndGlobalSection
	GlobalSection(ProjectConfigurationPlatforms) = postSolution
		{9E770ECE-1AFA-432C-A950-7A9D2E64844D}.Debug|Any CPU.ActiveCfg = Debug|Any CPU
		{9E770ECE-1AFA-432C-A950-7A9D2E64844D}.Debug|Any CPU.Build.0 = Debug|Any CPU
		{9E770ECE-1AFA-432C-A950-7A9D2E64844D}.Release|Any CPU.ActiveCfg = Release|Any CPU
		{9E770ECE-1AFA-432C-A950-7A9D2E64844D}.Release|Any CPU.Build.0 = Release|Any CPU
	EndGlobalSection
	GlobalSection(SolutionProperties) = preSolution
		HideSolutionNode = FALSE
	EndGlobalSection
	GlobalSection(ExtensibilityGlobals) = postSolution
		SolutionGuid = {6BB92D56-DCE4-4405-8C06-A94D70938CB6}
	EndGlobalSection
EndGlobal
