
Microsoft Visual Studio Solution File, Format Version 12.00
# Visual Studio Version 17
VisualStudioVersion = 17.0.31903.59
MinimumVisualStudioVersion = 10.0.40219.1
Project("{FAE04EC0-301F-11D3-BF4B-00C04F79EFBC}") = "API", "API\API.csproj", "{34545504-99C7-4687-B01F-828F0863769B}"
EndProject
Project("{FAE04EC0-301F-11D3-BF4B-00C04F79EFBC}") = "Core", "Core\Core.csproj", "{860B295A-BA9E-42CB-AFB9-B954F59D699C}"
EndProject
Project("{FAE04EC0-301F-11D3-BF4B-00C04F79EFBC}") = "Infrastructure", "Infrastructure\Infrastructure.csproj", "{0D254996-CE09-4735-B4B4-5F96D090615F}"
EndProject
Global
	GlobalSection(SolutionConfigurationPlatforms) = preSolution
		Debug|Any CPU = Debug|Any CPU
		Release|Any CPU = Release|Any CPU
	EndGlobalSection
	GlobalSection(SolutionProperties) = preSolution
		HideSolutionNode = FALSE
	EndGlobalSection
	GlobalSection(ProjectConfigurationPlatforms) = postSolution
		{34545504-99C7-4687-B01F-828F0863769B}.Debug|Any CPU.ActiveCfg = Debug|Any CPU
		{34545504-99C7-4687-B01F-828F0863769B}.Debug|Any CPU.Build.0 = Debug|Any CPU
		{34545504-99C7-4687-B01F-828F0863769B}.Release|Any CPU.ActiveCfg = Release|Any CPU
		{34545504-99C7-4687-B01F-828F0863769B}.Release|Any CPU.Build.0 = Release|Any CPU
		{860B295A-BA9E-42CB-AFB9-B954F59D699C}.Debug|Any CPU.ActiveCfg = Debug|Any CPU
		{860B295A-BA9E-42CB-AFB9-B954F59D699C}.Debug|Any CPU.Build.0 = Debug|Any CPU
		{860B295A-BA9E-42CB-AFB9-B954F59D699C}.Release|Any CPU.ActiveCfg = Release|Any CPU
		{860B295A-BA9E-42CB-AFB9-B954F59D699C}.Release|Any CPU.Build.0 = Release|Any CPU
		{0D254996-CE09-4735-B4B4-5F96D090615F}.Debug|Any CPU.ActiveCfg = Debug|Any CPU
		{0D254996-CE09-4735-B4B4-5F96D090615F}.Debug|Any CPU.Build.0 = Debug|Any CPU
		{0D254996-CE09-4735-B4B4-5F96D090615F}.Release|Any CPU.ActiveCfg = Release|Any CPU
		{0D254996-CE09-4735-B4B4-5F96D090615F}.Release|Any CPU.Build.0 = Release|Any CPU
	EndGlobalSection
EndGlobal
