
Microsoft Visual Studio Solution File, Format Version 12.00
# Visual Studio Version 16
VisualStudioVersion = 16.0.32428.217
MinimumVisualStudioVersion = 10.0.40219.1
Project("{9A19103F-16F7-4668-BE54-9A1E7A4F7556}") = "Proyecto_EF", "Proyecto_EF.csproj", "{904B3774-E6CD-46EF-A7DD-92D7BB0C10C2}"
EndProject
Global
	GlobalSection(SolutionConfigurationPlatforms) = preSolution
		Debug|Any CPU = Debug|Any CPU
		Release|Any CPU = Release|Any CPU
	EndGlobalSection
	GlobalSection(ProjectConfigurationPlatforms) = postSolution
		{904B3774-E6CD-46EF-A7DD-92D7BB0C10C2}.Debug|Any CPU.ActiveCfg = Debug|Any CPU
		{904B3774-E6CD-46EF-A7DD-92D7BB0C10C2}.Debug|Any CPU.Build.0 = Debug|Any CPU
		{904B3774-E6CD-46EF-A7DD-92D7BB0C10C2}.Release|Any CPU.ActiveCfg = Release|Any CPU
		{904B3774-E6CD-46EF-A7DD-92D7BB0C10C2}.Release|Any CPU.Build.0 = Release|Any CPU
	EndGlobalSection
	GlobalSection(SolutionProperties) = preSolution
		HideSolutionNode = FALSE
	EndGlobalSection
	GlobalSection(ExtensibilityGlobals) = postSolution
		SolutionGuid = {6583CD42-4D11-406A-AF21-F1D7710C1CE5}
	EndGlobalSection
EndGlobal
