
Microsoft Visual Studio Solution File, Format Version 12.00
# Visual Studio Version 17
VisualStudioVersion = 17.4.33205.214
MinimumVisualStudioVersion = 10.0.40219.1
Project("{9A19103F-16F7-4668-BE54-9A1E7A4F7556}") = "Curso", "Curso\Curso.csproj", "{698FDD6B-6C71-4EFC-B509-209BA4764A41}"
EndProject
Project("{9A19103F-16F7-4668-BE54-9A1E7A4F7556}") = "CursoMSTest", "CursoMSTest\CursoMSTest.csproj", "{0E4A4F7C-7738-44CA-A44B-143C6302B802}"
EndProject
Project("{9A19103F-16F7-4668-BE54-9A1E7A4F7556}") = "CursoNunitTest", "CursoNunitTest\CursoNunitTest.csproj", "{5DC6074C-0BD8-449A-967D-1C029F10B27D}"
EndProject
Project("{FAE04EC0-301F-11D3-BF4B-00C04F79EFBC}") = "CursoXUnit", "CursoXUnit\CursoXUnit.csproj", "{81A0E9C2-C1D7-407E-8C73-C509139D0669}"
EndProject
Global
	GlobalSection(SolutionConfigurationPlatforms) = preSolution
		Debug|Any CPU = Debug|Any CPU
		Release|Any CPU = Release|Any CPU
	EndGlobalSection
	GlobalSection(ProjectConfigurationPlatforms) = postSolution
		{698FDD6B-6C71-4EFC-B509-209BA4764A41}.Debug|Any CPU.ActiveCfg = Debug|Any CPU
		{698FDD6B-6C71-4EFC-B509-209BA4764A41}.Debug|Any CPU.Build.0 = Debug|Any CPU
		{698FDD6B-6C71-4EFC-B509-209BA4764A41}.Release|Any CPU.ActiveCfg = Release|Any CPU
		{698FDD6B-6C71-4EFC-B509-209BA4764A41}.Release|Any CPU.Build.0 = Release|Any CPU
		{0E4A4F7C-7738-44CA-A44B-143C6302B802}.Debug|Any CPU.ActiveCfg = Debug|Any CPU
		{0E4A4F7C-7738-44CA-A44B-143C6302B802}.Debug|Any CPU.Build.0 = Debug|Any CPU
		{0E4A4F7C-7738-44CA-A44B-143C6302B802}.Release|Any CPU.ActiveCfg = Release|Any CPU
		{0E4A4F7C-7738-44CA-A44B-143C6302B802}.Release|Any CPU.Build.0 = Release|Any CPU
		{5DC6074C-0BD8-449A-967D-1C029F10B27D}.Debug|Any CPU.ActiveCfg = Debug|Any CPU
		{5DC6074C-0BD8-449A-967D-1C029F10B27D}.Debug|Any CPU.Build.0 = Debug|Any CPU
		{5DC6074C-0BD8-449A-967D-1C029F10B27D}.Release|Any CPU.ActiveCfg = Release|Any CPU
		{5DC6074C-0BD8-449A-967D-1C029F10B27D}.Release|Any CPU.Build.0 = Release|Any CPU
		{81A0E9C2-C1D7-407E-8C73-C509139D0669}.Debug|Any CPU.ActiveCfg = Debug|Any CPU
		{81A0E9C2-C1D7-407E-8C73-C509139D0669}.Debug|Any CPU.Build.0 = Debug|Any CPU
		{81A0E9C2-C1D7-407E-8C73-C509139D0669}.Release|Any CPU.ActiveCfg = Release|Any CPU
		{81A0E9C2-C1D7-407E-8C73-C509139D0669}.Release|Any CPU.Build.0 = Release|Any CPU
	EndGlobalSection
	GlobalSection(SolutionProperties) = preSolution
		HideSolutionNode = FALSE
	EndGlobalSection
	GlobalSection(ExtensibilityGlobals) = postSolution
		SolutionGuid = {F001D75D-7CF9-4EAC-936B-258949BE0A08}
	EndGlobalSection
EndGlobal
