
Microsoft Visual Studio Solution File, Format Version 12.00
# Visual Studio Version 17
VisualStudioVersion = 17.2.32616.157
MinimumVisualStudioVersion = 10.0.40219.1
Project("{9A19103F-16F7-4668-BE54-9A1E7A4F7556}") = "LeerData", "LeerData.csproj", "{5464F66D-EFAC-4E64-A7FB-B602A4FEFEE8}"
EndProject
Global
	GlobalSection(SolutionConfigurationPlatforms) = preSolution
		Debug|Any CPU = Debug|Any CPU
		Release|Any CPU = Release|Any CPU
	EndGlobalSection
	GlobalSection(ProjectConfigurationPlatforms) = postSolution
		{5464F66D-EFAC-4E64-A7FB-B602A4FEFEE8}.Debug|Any CPU.ActiveCfg = Debug|Any CPU
		{5464F66D-EFAC-4E64-A7FB-B602A4FEFEE8}.Debug|Any CPU.Build.0 = Debug|Any CPU
		{5464F66D-EFAC-4E64-A7FB-B602A4FEFEE8}.Release|Any CPU.ActiveCfg = Release|Any CPU
		{5464F66D-EFAC-4E64-A7FB-B602A4FEFEE8}.Release|Any CPU.Build.0 = Release|Any CPU
	EndGlobalSection
	GlobalSection(SolutionProperties) = preSolution
		HideSolutionNode = FALSE
	EndGlobalSection
	GlobalSection(ExtensibilityGlobals) = postSolution
		SolutionGuid = {96BE9261-6E8A-42FA-874B-FE666A04AF44}
	EndGlobalSection
EndGlobal
