
Microsoft Visual Studio Solution File, Format Version 12.00
# Visual Studio Version 17
VisualStudioVersion = 17.2.32519.379
MinimumVisualStudioVersion = 10.0.40219.1
Project("{FAE04EC0-301F-11D3-BF4B-00C04F79EFBC}") = "INotifyPropertyChanged", "INotifyPropertyChanged.csproj", "{4845E1EA-9CB2-426D-BEF6-46FCA04C547C}"
EndProject
Global
	GlobalSection(SolutionConfigurationPlatforms) = preSolution
		Debug|Any CPU = Debug|Any CPU
		Release|Any CPU = Release|Any CPU
	EndGlobalSection
	GlobalSection(ProjectConfigurationPlatforms) = postSolution
		{4845E1EA-9CB2-426D-BEF6-46FCA04C547C}.Debug|Any CPU.ActiveCfg = Debug|Any CPU
		{4845E1EA-9CB2-426D-BEF6-46FCA04C547C}.Debug|Any CPU.Build.0 = Debug|Any CPU
		{4845E1EA-9CB2-426D-BEF6-46FCA04C547C}.Release|Any CPU.ActiveCfg = Release|Any CPU
		{4845E1EA-9CB2-426D-BEF6-46FCA04C547C}.Release|Any CPU.Build.0 = Release|Any CPU
	EndGlobalSection
	GlobalSection(SolutionProperties) = preSolution
		HideSolutionNode = FALSE
	EndGlobalSection
	GlobalSection(ExtensibilityGlobals) = postSolution
		SolutionGuid = {B66DD5AD-B6F1-439B-A5DD-F38C19B95044}
	EndGlobalSection
EndGlobal
