
Microsoft Visual Studio Solution File, Format Version 12.00
# Visual Studio Version 17
VisualStudioVersion = 17.1.32328.378
MinimumVisualStudioVersion = 10.0.40219.1
Project("{FAE04EC0-301F-11D3-BF4B-00C04F79EFBC}") = "POO_Clases _Objetos_Encapsulacion", "POO_Clases _Objetos_Encapsulacion.csproj", "{7FD6A927-D02D-4075-B057-299CC302E504}"
EndProject
Global
	GlobalSection(SolutionConfigurationPlatforms) = preSolution
		Debug|Any CPU = Debug|Any CPU
		Release|Any CPU = Release|Any CPU
	EndGlobalSection
	GlobalSection(ProjectConfigurationPlatforms) = postSolution
		{7FD6A927-D02D-4075-B057-299CC302E504}.Debug|Any CPU.ActiveCfg = Debug|Any CPU
		{7FD6A927-D02D-4075-B057-299CC302E504}.Debug|Any CPU.Build.0 = Debug|Any CPU
		{7FD6A927-D02D-4075-B057-299CC302E504}.Release|Any CPU.ActiveCfg = Release|Any CPU
		{7FD6A927-D02D-4075-B057-299CC302E504}.Release|Any CPU.Build.0 = Release|Any CPU
	EndGlobalSection
	GlobalSection(SolutionProperties) = preSolution
		HideSolutionNode = FALSE
	EndGlobalSection
	GlobalSection(ExtensibilityGlobals) = postSolution
		SolutionGuid = {E2A6FF57-6DB6-4B2F-B30C-E99B154D3F38}
	EndGlobalSection
EndGlobal
