
Microsoft Visual Studio Solution File, Format Version 12.00
# Visual Studio Version 17
VisualStudioVersion = 17.2.32519.379
MinimumVisualStudioVersion = 10.0.40219.1
Project("{FAE04EC0-301F-11D3-BF4B-00C04F79EFBC}") = "Debuggin", "Debuggin.csproj", "{023C43B1-96FB-41EB-8BBD-4D1E3D57D31E}"
EndProject
Global
	GlobalSection(SolutionConfigurationPlatforms) = preSolution
		Debug|Any CPU = Debug|Any CPU
		Release|Any CPU = Release|Any CPU
	EndGlobalSection
	GlobalSection(ProjectConfigurationPlatforms) = postSolution
		{023C43B1-96FB-41EB-8BBD-4D1E3D57D31E}.Debug|Any CPU.ActiveCfg = Debug|Any CPU
		{023C43B1-96FB-41EB-8BBD-4D1E3D57D31E}.Debug|Any CPU.Build.0 = Debug|Any CPU
		{023C43B1-96FB-41EB-8BBD-4D1E3D57D31E}.Release|Any CPU.ActiveCfg = Release|Any CPU
		{023C43B1-96FB-41EB-8BBD-4D1E3D57D31E}.Release|Any CPU.Build.0 = Release|Any CPU
	EndGlobalSection
	GlobalSection(SolutionProperties) = preSolution
		HideSolutionNode = FALSE
	EndGlobalSection
	GlobalSection(ExtensibilityGlobals) = postSolution
		SolutionGuid = {7E9CAE94-D8EF-4A8A-A4E5-8C97BCE01A09}
	EndGlobalSection
EndGlobal
